// !$*UTF8*$!
{
	archiveVersion = 1;
	classes = {
	};
	objectVersion = 56;
	objects = {

/* Begin PBXBuildFile section */
		3A1637442C99B9BE00542EB6 /* AppDelegate.swift in Sources */ = {isa = PBXBuildFile; fileRef = 3A1637432C99B9BE00542EB6 /* AppDelegate.swift */; };
		3A1637462C99B9BE00542EB6 /* SceneDelegate.swift in Sources */ = {isa = PBXBuildFile; fileRef = 3A1637452C99B9BE00542EB6 /* SceneDelegate.swift */; };
		3A1637482C99B9BE00542EB6 /* UsersViewController.swift in Sources */ = {isa = PBXBuildFile; fileRef = 3A1637472C99B9BE00542EB6 /* UsersViewController.swift */; };
		3A16374B2C99B9BE00542EB6 /* Base in Resources */ = {isa = PBXBuildFile; fileRef = 3A16374A2C99B9BE00542EB6 /* Base */; };
		3A16374D2C99B9C000542EB6 /* Assets.xcassets in Resources */ = {isa = PBXBuildFile; fileRef = 3A16374C2C99B9C000542EB6 /* Assets.xcassets */; };
		3A1637582C99B9EC00542EB6 /* ApplicationAssembly.swift in Sources */ = {isa = PBXBuildFile; fileRef = 3A1637572C99B9EC00542EB6 /* ApplicationAssembly.swift */; };
		3A16375A2C99BA0600542EB6 /* BaseAssembly.swift in Sources */ = {isa = PBXBuildFile; fileRef = 3A1637592C99BA0600542EB6 /* BaseAssembly.swift */; };
		3A16375C2C99BA2600542EB6 /* NavigationAssebly.swift in Sources */ = {isa = PBXBuildFile; fileRef = 3A16375B2C99BA2600542EB6 /* NavigationAssebly.swift */; };
		3A16375F2C99BA6C00542EB6 /* MainRouter.swift in Sources */ = {isa = PBXBuildFile; fileRef = 3A16375E2C99BA6C00542EB6 /* MainRouter.swift */; };
		3A1637622C99BA9700542EB6 /* ApplicationRouter.swift in Sources */ = {isa = PBXBuildFile; fileRef = 3A1637612C99BA9700542EB6 /* ApplicationRouter.swift */; };
		3A1637642C99BAB400542EB6 /* BaseRouter.swift in Sources */ = {isa = PBXBuildFile; fileRef = 3A1637632C99BAB400542EB6 /* BaseRouter.swift */; };
		3A1637662C99BBD600542EB6 /* UsersRouter.swift in Sources */ = {isa = PBXBuildFile; fileRef = 3A1637652C99BBD600542EB6 /* UsersRouter.swift */; };
		3A1637682C99BC5900542EB6 /* IntroViewController.swift in Sources */ = {isa = PBXBuildFile; fileRef = 3A1637672C99BC5900542EB6 /* IntroViewController.swift */; };
		3A16376A2C99BC8200542EB6 /* SignupViewController.swift in Sources */ = {isa = PBXBuildFile; fileRef = 3A1637692C99BC8200542EB6 /* SignupViewController.swift */; };
		3A16376D2C99BD3500542EB6 /* Users.storyboard in Resources */ = {isa = PBXBuildFile; fileRef = 3A16376C2C99BD3500542EB6 /* Users.storyboard */; };
		3A16376F2C99BD3E00542EB6 /* SignUp.storyboard in Resources */ = {isa = PBXBuildFile; fileRef = 3A16376E2C99BD3E00542EB6 /* SignUp.storyboard */; };
		3A1637722C99BD7900542EB6 /* MainTabBarViewController.swift in Sources */ = {isa = PBXBuildFile; fileRef = 3A1637712C99BD7900542EB6 /* MainTabBarViewController.swift */; };
		3A1637742C99BDBD00542EB6 /* NavigationController.swift in Sources */ = {isa = PBXBuildFile; fileRef = 3A1637732C99BDBD00542EB6 /* NavigationController.swift */; };
		3A1637762C99BEA000542EB6 /* SignupRouter.swift in Sources */ = {isa = PBXBuildFile; fileRef = 3A1637752C99BEA000542EB6 /* SignupRouter.swift */; };
		3A1637782C99BFD000542EB6 /* Defaults.swift in Sources */ = {isa = PBXBuildFile; fileRef = 3A1637772C99BFD000542EB6 /* Defaults.swift */; };
		3A16377B2C99C43300542EB6 /* Color+extension.swift in Sources */ = {isa = PBXBuildFile; fileRef = 3A16377A2C99C43300542EB6 /* Color+extension.swift */; };
		3A16377E2C99C7CB00542EB6 /* Main.storyboard in Resources */ = {isa = PBXBuildFile; fileRef = 3A1637492C99B9BE00542EB6 /* Main.storyboard */; };
		3A1637802C99CF3D00542EB6 /* NoInternetViewController.swift in Sources */ = {isa = PBXBuildFile; fileRef = 3A16377F2C99CF3D00542EB6 /* NoInternetViewController.swift */; };
		3A1637832C99D7B600542EB6 /* UsersTableViewCell.swift in Sources */ = {isa = PBXBuildFile; fileRef = 3A1637812C99D7B600542EB6 /* UsersTableViewCell.swift */; };
		3A1637842C99D7B600542EB6 /* UsersTableViewCell.xib in Resources */ = {isa = PBXBuildFile; fileRef = 3A1637822C99D7B600542EB6 /* UsersTableViewCell.xib */; };
		3A1637872C99DAE700542EB6 /* AppColors.swift in Sources */ = {isa = PBXBuildFile; fileRef = 3A1637862C99DAE700542EB6 /* AppColors.swift */; };
		3A16378A2C99DD4000542EB6 /* FieldTableViewCell.swift in Sources */ = {isa = PBXBuildFile; fileRef = 3A1637882C99DD4000542EB6 /* FieldTableViewCell.swift */; };
		3A16378B2C99DD4000542EB6 /* FieldTableViewCell.xib in Resources */ = {isa = PBXBuildFile; fileRef = 3A1637892C99DD4000542EB6 /* FieldTableViewCell.xib */; };
		3A16378E2C99EB5C00542EB6 /* PositionTableViewCell.swift in Sources */ = {isa = PBXBuildFile; fileRef = 3A16378C2C99EB5B00542EB6 /* PositionTableViewCell.swift */; };
		3A16378F2C99EB5C00542EB6 /* PositionTableViewCell.xib in Resources */ = {isa = PBXBuildFile; fileRef = 3A16378D2C99EB5B00542EB6 /* PositionTableViewCell.xib */; };
		3A1637922C99FE9B00542EB6 /* LabelTableViewCell.swift in Sources */ = {isa = PBXBuildFile; fileRef = 3A1637902C99FE9B00542EB6 /* LabelTableViewCell.swift */; };
		3A1637932C99FE9B00542EB6 /* LabelTableViewCell.xib in Resources */ = {isa = PBXBuildFile; fileRef = 3A1637912C99FE9B00542EB6 /* LabelTableViewCell.xib */; };
		3A1637962C9A184B00542EB6 /* UploadPhotoTableViewCell.swift in Sources */ = {isa = PBXBuildFile; fileRef = 3A1637942C9A184B00542EB6 /* UploadPhotoTableViewCell.swift */; };
		3A1637972C9A184B00542EB6 /* UploadPhotoTableViewCell.xib in Resources */ = {isa = PBXBuildFile; fileRef = 3A1637952C9A184B00542EB6 /* UploadPhotoTableViewCell.xib */; };
		3A1637992C9A1E1800542EB6 /* SuccessViewController.swift in Sources */ = {isa = PBXBuildFile; fileRef = 3A1637982C9A1E1800542EB6 /* SuccessViewController.swift */; };
		3A16379B2C9A1EA600542EB6 /* FailViewController.swift in Sources */ = {isa = PBXBuildFile; fileRef = 3A16379A2C9A1EA600542EB6 /* FailViewController.swift */; };
		3A16379D2C9A214A00542EB6 /* ViewModel.swift in Sources */ = {isa = PBXBuildFile; fileRef = 3A16379C2C9A214A00542EB6 /* ViewModel.swift */; };
		3A16379F2C9A241F00542EB6 /* NetworkManager.swift in Sources */ = {isa = PBXBuildFile; fileRef = 3A16379E2C9A241F00542EB6 /* NetworkManager.swift */; };
		3A1637A12C9A258800542EB6 /* UserModel.swift in Sources */ = {isa = PBXBuildFile; fileRef = 3A1637A02C9A258800542EB6 /* UserModel.swift */; };
		3A1637A52C9A2C3200542EB6 /* Kingfisher in Frameworks */ = {isa = PBXBuildFile; productRef = 3A1637A42C9A2C3200542EB6 /* Kingfisher */; };
		3A7335EC2C9A3E6400E9D78B /* Reachability in Frameworks */ = {isa = PBXBuildFile; productRef = 3A7335EB2C9A3E6400E9D78B /* Reachability */; };
		3A7335EE2C9B34ED00E9D78B /* NunitoSans.ttf in Resources */ = {isa = PBXBuildFile; fileRef = 3A7335ED2C9B34EC00E9D78B /* NunitoSans.ttf */; };
		3A7335F02C9B361800E9D78B /* UIFont+extension.swift in Sources */ = {isa = PBXBuildFile; fileRef = 3A7335EF2C9B361800E9D78B /* UIFont+extension.swift */; };
/* End PBXBuildFile section */

/* Begin PBXCopyFilesBuildPhase section */
		3AAB59F32C9A366A000BE161 /* Embed Frameworks */ = {
			isa = PBXCopyFilesBuildPhase;
			buildActionMask = 2147483647;
			dstPath = "";
			dstSubfolderSpec = 10;
			files = (
			);
			name = "Embed Frameworks";
			runOnlyForDeploymentPostprocessing = 0;
		};
/* End PBXCopyFilesBuildPhase section */

/* Begin PBXFileReference section */
		3A1637402C99B9BE00542EB6 /* test_abz.app */ = {isa = PBXFileReference; explicitFileType = wrapper.application; includeInIndex = 0; path = test_abz.app; sourceTree = BUILT_PRODUCTS_DIR; };
		3A1637432C99B9BE00542EB6 /* AppDelegate.swift */ = {isa = PBXFileReference; lastKnownFileType = sourcecode.swift; path = AppDelegate.swift; sourceTree = "<group>"; };
		3A1637452C99B9BE00542EB6 /* SceneDelegate.swift */ = {isa = PBXFileReference; lastKnownFileType = sourcecode.swift; path = SceneDelegate.swift; sourceTree = "<group>"; };
		3A1637472C99B9BE00542EB6 /* UsersViewController.swift */ = {isa = PBXFileReference; lastKnownFileType = sourcecode.swift; path = UsersViewController.swift; sourceTree = "<group>"; };
		3A16374A2C99B9BE00542EB6 /* Base */ = {isa = PBXFileReference; lastKnownFileType = file.storyboard; name = Base; path = Base.lproj/Main.storyboard; sourceTree = "<group>"; };
		3A16374C2C99B9C000542EB6 /* Assets.xcassets */ = {isa = PBXFileReference; lastKnownFileType = folder.assetcatalog; path = Assets.xcassets; sourceTree = "<group>"; };
		3A1637512C99B9C000542EB6 /* Info.plist */ = {isa = PBXFileReference; lastKnownFileType = text.plist.xml; path = Info.plist; sourceTree = "<group>"; };
		3A1637572C99B9EC00542EB6 /* ApplicationAssembly.swift */ = {isa = PBXFileReference; lastKnownFileType = sourcecode.swift; path = ApplicationAssembly.swift; sourceTree = "<group>"; };
		3A1637592C99BA0600542EB6 /* BaseAssembly.swift */ = {isa = PBXFileReference; lastKnownFileType = sourcecode.swift; path = BaseAssembly.swift; sourceTree = "<group>"; };
		3A16375B2C99BA2600542EB6 /* NavigationAssebly.swift */ = {isa = PBXFileReference; lastKnownFileType = sourcecode.swift; path = NavigationAssebly.swift; sourceTree = "<group>"; };
		3A16375E2C99BA6C00542EB6 /* MainRouter.swift */ = {isa = PBXFileReference; lastKnownFileType = sourcecode.swift; path = MainRouter.swift; sourceTree = "<group>"; };
		3A1637612C99BA9700542EB6 /* ApplicationRouter.swift */ = {isa = PBXFileReference; lastKnownFileType = sourcecode.swift; path = ApplicationRouter.swift; sourceTree = "<group>"; };
		3A1637632C99BAB400542EB6 /* BaseRouter.swift */ = {isa = PBXFileReference; lastKnownFileType = sourcecode.swift; path = BaseRouter.swift; sourceTree = "<group>"; };
		3A1637652C99BBD600542EB6 /* UsersRouter.swift */ = {isa = PBXFileReference; lastKnownFileType = sourcecode.swift; path = UsersRouter.swift; sourceTree = "<group>"; };
		3A1637672C99BC5900542EB6 /* IntroViewController.swift */ = {isa = PBXFileReference; lastKnownFileType = sourcecode.swift; path = IntroViewController.swift; sourceTree = "<group>"; };
		3A1637692C99BC8200542EB6 /* SignupViewController.swift */ = {isa = PBXFileReference; lastKnownFileType = sourcecode.swift; path = SignupViewController.swift; sourceTree = "<group>"; };
		3A16376C2C99BD3500542EB6 /* Users.storyboard */ = {isa = PBXFileReference; lastKnownFileType = file.storyboard; path = Users.storyboard; sourceTree = "<group>"; };
		3A16376E2C99BD3E00542EB6 /* SignUp.storyboard */ = {isa = PBXFileReference; lastKnownFileType = file.storyboard; path = SignUp.storyboard; sourceTree = "<group>"; };
		3A1637712C99BD7900542EB6 /* MainTabBarViewController.swift */ = {isa = PBXFileReference; lastKnownFileType = sourcecode.swift; path = MainTabBarViewController.swift; sourceTree = "<group>"; };
		3A1637732C99BDBD00542EB6 /* NavigationController.swift */ = {isa = PBXFileReference; lastKnownFileType = sourcecode.swift; path = NavigationController.swift; sourceTree = "<group>"; };
		3A1637752C99BEA000542EB6 /* SignupRouter.swift */ = {isa = PBXFileReference; lastKnownFileType = sourcecode.swift; path = SignupRouter.swift; sourceTree = "<group>"; };
		3A1637772C99BFD000542EB6 /* Defaults.swift */ = {isa = PBXFileReference; lastKnownFileType = sourcecode.swift; path = Defaults.swift; sourceTree = "<group>"; };
		3A16377A2C99C43300542EB6 /* Color+extension.swift */ = {isa = PBXFileReference; lastKnownFileType = sourcecode.swift; path = "Color+extension.swift"; sourceTree = "<group>"; };
		3A16377F2C99CF3D00542EB6 /* NoInternetViewController.swift */ = {isa = PBXFileReference; lastKnownFileType = sourcecode.swift; path = NoInternetViewController.swift; sourceTree = "<group>"; };
		3A1637812C99D7B600542EB6 /* UsersTableViewCell.swift */ = {isa = PBXFileReference; lastKnownFileType = sourcecode.swift; path = UsersTableViewCell.swift; sourceTree = "<group>"; };
		3A1637822C99D7B600542EB6 /* UsersTableViewCell.xib */ = {isa = PBXFileReference; lastKnownFileType = file.xib; path = UsersTableViewCell.xib; sourceTree = "<group>"; };
		3A1637862C99DAE700542EB6 /* AppColors.swift */ = {isa = PBXFileReference; lastKnownFileType = sourcecode.swift; path = AppColors.swift; sourceTree = "<group>"; };
		3A1637882C99DD4000542EB6 /* FieldTableViewCell.swift */ = {isa = PBXFileReference; lastKnownFileType = sourcecode.swift; path = FieldTableViewCell.swift; sourceTree = "<group>"; };
		3A1637892C99DD4000542EB6 /* FieldTableViewCell.xib */ = {isa = PBXFileReference; lastKnownFileType = file.xib; path = FieldTableViewCell.xib; sourceTree = "<group>"; };
		3A16378C2C99EB5B00542EB6 /* PositionTableViewCell.swift */ = {isa = PBXFileReference; lastKnownFileType = sourcecode.swift; path = PositionTableViewCell.swift; sourceTree = "<group>"; };
		3A16378D2C99EB5B00542EB6 /* PositionTableViewCell.xib */ = {isa = PBXFileReference; lastKnownFileType = file.xib; path = PositionTableViewCell.xib; sourceTree = "<group>"; };
		3A1637902C99FE9B00542EB6 /* LabelTableViewCell.swift */ = {isa = PBXFileReference; lastKnownFileType = sourcecode.swift; path = LabelTableViewCell.swift; sourceTree = "<group>"; };
		3A1637912C99FE9B00542EB6 /* LabelTableViewCell.xib */ = {isa = PBXFileReference; lastKnownFileType = file.xib; path = LabelTableViewCell.xib; sourceTree = "<group>"; };
		3A1637942C9A184B00542EB6 /* UploadPhotoTableViewCell.swift */ = {isa = PBXFileReference; lastKnownFileType = sourcecode.swift; path = UploadPhotoTableViewCell.swift; sourceTree = "<group>"; };
		3A1637952C9A184B00542EB6 /* UploadPhotoTableViewCell.xib */ = {isa = PBXFileReference; lastKnownFileType = file.xib; path = UploadPhotoTableViewCell.xib; sourceTree = "<group>"; };
		3A1637982C9A1E1800542EB6 /* SuccessViewController.swift */ = {isa = PBXFileReference; lastKnownFileType = sourcecode.swift; path = SuccessViewController.swift; sourceTree = "<group>"; };
		3A16379A2C9A1EA600542EB6 /* FailViewController.swift */ = {isa = PBXFileReference; lastKnownFileType = sourcecode.swift; path = FailViewController.swift; sourceTree = "<group>"; };
		3A16379C2C9A214A00542EB6 /* ViewModel.swift */ = {isa = PBXFileReference; lastKnownFileType = sourcecode.swift; path = ViewModel.swift; sourceTree = "<group>"; };
		3A16379E2C9A241F00542EB6 /* NetworkManager.swift */ = {isa = PBXFileReference; lastKnownFileType = sourcecode.swift; path = NetworkManager.swift; sourceTree = "<group>"; };
		3A1637A02C9A258800542EB6 /* UserModel.swift */ = {isa = PBXFileReference; lastKnownFileType = sourcecode.swift; path = UserModel.swift; sourceTree = "<group>"; };
		3A7335ED2C9B34EC00E9D78B /* NunitoSans.ttf */ = {isa = PBXFileReference; lastKnownFileType = file; path = NunitoSans.ttf; sourceTree = "<group>"; };
		3A7335EF2C9B361800E9D78B /* UIFont+extension.swift */ = {isa = PBXFileReference; lastKnownFileType = sourcecode.swift; path = "UIFont+extension.swift"; sourceTree = "<group>"; };
/* End PBXFileReference section */

/* Begin PBXFrameworksBuildPhase section */
		3A16373D2C99B9BE00542EB6 /* Frameworks */ = {
			isa = PBXFrameworksBuildPhase;
			buildActionMask = 2147483647;
			files = (
				3A1637A52C9A2C3200542EB6 /* Kingfisher in Frameworks */,
				3A7335EC2C9A3E6400E9D78B /* Reachability in Frameworks */,
			);
			runOnlyForDeploymentPostprocessing = 0;
		};
/* End PBXFrameworksBuildPhase section */

/* Begin PBXGroup section */
		3A1637372C99B9BE00542EB6 = {
			isa = PBXGroup;
			children = (
				3A1637422C99B9BE00542EB6 /* test_abz */,
				3A1637412C99B9BE00542EB6 /* Products */,
				3AAB59F02C9A3661000BE161 /* Frameworks */,
			);
			sourceTree = "<group>";
		};
		3A1637412C99B9BE00542EB6 /* Products */ = {
			isa = PBXGroup;
			children = (
				3A1637402C99B9BE00542EB6 /* test_abz.app */,
			);
			name = Products;
			sourceTree = "<group>";
		};
		3A1637422C99B9BE00542EB6 /* test_abz */ = {
			isa = PBXGroup;
			children = (
				3A1637432C99B9BE00542EB6 /* AppDelegate.swift */,
				3A1637452C99B9BE00542EB6 /* SceneDelegate.swift */,
				3A16379C2C9A214A00542EB6 /* ViewModel.swift */,
				3A16379E2C9A241F00542EB6 /* NetworkManager.swift */,
				3A1637A22C9A25DB00542EB6 /* Models */,
				3A1637602C99BA8500542EB6 /* Routers */,
				3A16375D2C99BA4E00542EB6 /* Assembly */,
				3A16376B2C99BC8E00542EB6 /* ViewControllers */,
				3A1637852C99D7BB00542EB6 /* Cells */,
				3A1637792C99BFDA00542EB6 /* Helpers */,
				3A1637702C99BD4500542EB6 /* Storyboards */,
				3A1637512C99B9C000542EB6 /* Info.plist */,
				3A16374C2C99B9C000542EB6 /* Assets.xcassets */,
				3A7335ED2C9B34EC00E9D78B /* NunitoSans.ttf */,
			);
			path = test_abz;
			sourceTree = "<group>";
		};
		3A16375D2C99BA4E00542EB6 /* Assembly */ = {
			isa = PBXGroup;
			children = (
				3A1637572C99B9EC00542EB6 /* ApplicationAssembly.swift */,
				3A1637592C99BA0600542EB6 /* BaseAssembly.swift */,
				3A16375B2C99BA2600542EB6 /* NavigationAssebly.swift */,
			);
			path = Assembly;
			sourceTree = "<group>";
		};
		3A1637602C99BA8500542EB6 /* Routers */ = {
			isa = PBXGroup;
			children = (
				3A16375E2C99BA6C00542EB6 /* MainRouter.swift */,
				3A1637612C99BA9700542EB6 /* ApplicationRouter.swift */,
				3A1637632C99BAB400542EB6 /* BaseRouter.swift */,
				3A1637652C99BBD600542EB6 /* UsersRouter.swift */,
				3A1637752C99BEA000542EB6 /* SignupRouter.swift */,
			);
			path = Routers;
			sourceTree = "<group>";
		};
		3A16376B2C99BC8E00542EB6 /* ViewControllers */ = {
			isa = PBXGroup;
			children = (
				3A1637672C99BC5900542EB6 /* IntroViewController.swift */,
				3A1637712C99BD7900542EB6 /* MainTabBarViewController.swift */,
				3A1637472C99B9BE00542EB6 /* UsersViewController.swift */,
				3A1637692C99BC8200542EB6 /* SignupViewController.swift */,
				3A1637732C99BDBD00542EB6 /* NavigationController.swift */,
				3A16377F2C99CF3D00542EB6 /* NoInternetViewController.swift */,
				3A1637982C9A1E1800542EB6 /* SuccessViewController.swift */,
				3A16379A2C9A1EA600542EB6 /* FailViewController.swift */,
			);
			path = ViewControllers;
			sourceTree = "<group>";
		};
		3A1637702C99BD4500542EB6 /* Storyboards */ = {
			isa = PBXGroup;
			children = (
				3A1637492C99B9BE00542EB6 /* Main.storyboard */,
				3A16376C2C99BD3500542EB6 /* Users.storyboard */,
				3A16376E2C99BD3E00542EB6 /* SignUp.storyboard */,
			);
			path = Storyboards;
			sourceTree = "<group>";
		};
		3A1637792C99BFDA00542EB6 /* Helpers */ = {
			isa = PBXGroup;
			children = (
				3A1637772C99BFD000542EB6 /* Defaults.swift */,
				3A16377A2C99C43300542EB6 /* Color+extension.swift */,
				3A1637862C99DAE700542EB6 /* AppColors.swift */,
				3A7335EF2C9B361800E9D78B /* UIFont+extension.swift */,
			);
			path = Helpers;
			sourceTree = "<group>";
		};
		3A1637852C99D7BB00542EB6 /* Cells */ = {
			isa = PBXGroup;
			children = (
				3A1637812C99D7B600542EB6 /* UsersTableViewCell.swift */,
				3A1637822C99D7B600542EB6 /* UsersTableViewCell.xib */,
				3A1637882C99DD4000542EB6 /* FieldTableViewCell.swift */,
				3A1637892C99DD4000542EB6 /* FieldTableViewCell.xib */,
				3A16378C2C99EB5B00542EB6 /* PositionTableViewCell.swift */,
				3A16378D2C99EB5B00542EB6 /* PositionTableViewCell.xib */,
				3A1637902C99FE9B00542EB6 /* LabelTableViewCell.swift */,
				3A1637912C99FE9B00542EB6 /* LabelTableViewCell.xib */,
				3A1637942C9A184B00542EB6 /* UploadPhotoTableViewCell.swift */,
				3A1637952C9A184B00542EB6 /* UploadPhotoTableViewCell.xib */,
			);
			path = Cells;
			sourceTree = "<group>";
		};
		3A1637A22C9A25DB00542EB6 /* Models */ = {
			isa = PBXGroup;
			children = (
				3A1637A02C9A258800542EB6 /* UserModel.swift */,
			);
			path = Models;
			sourceTree = "<group>";
		};
		3AAB59F02C9A3661000BE161 /* Frameworks */ = {
			isa = PBXGroup;
			children = (
			);
			name = Frameworks;
			sourceTree = "<group>";
		};
/* End PBXGroup section */

/* Begin PBXNativeTarget section */
		3A16373F2C99B9BE00542EB6 /* test_abz */ = {
			isa = PBXNativeTarget;
			buildConfigurationList = 3A1637542C99B9C000542EB6 /* Build configuration list for PBXNativeTarget "test_abz" */;
			buildPhases = (
				3A16373C2C99B9BE00542EB6 /* Sources */,
				3A16373D2C99B9BE00542EB6 /* Frameworks */,
				3A16373E2C99B9BE00542EB6 /* Resources */,
				3AAB59F32C9A366A000BE161 /* Embed Frameworks */,
			);
			buildRules = (
			);
			dependencies = (
			);
			name = test_abz;
			packageProductDependencies = (
				3A1637A42C9A2C3200542EB6 /* Kingfisher */,
				3A7335EB2C9A3E6400E9D78B /* Reachability */,
			);
			productName = test_abz;
			productReference = 3A1637402C99B9BE00542EB6 /* test_abz.app */;
			productType = "com.apple.product-type.application";
		};
/* End PBXNativeTarget section */

/* Begin PBXProject section */
		3A1637382C99B9BE00542EB6 /* Project object */ = {
			isa = PBXProject;
			attributes = {
				BuildIndependentTargetsInParallel = 1;
				LastSwiftUpdateCheck = 1540;
				LastUpgradeCheck = 1540;
				TargetAttributes = {
					3A16373F2C99B9BE00542EB6 = {
						CreatedOnToolsVersion = 15.4;
					};
				};
			};
			buildConfigurationList = 3A16373B2C99B9BE00542EB6 /* Build configuration list for PBXProject "test_abz" */;
			compatibilityVersion = "Xcode 14.0";
			developmentRegion = en;
			hasScannedForEncodings = 0;
			knownRegions = (
				en,
				Base,
			);
			mainGroup = 3A1637372C99B9BE00542EB6;
			packageReferences = (
				3A1637A32C9A2C3100542EB6 /* XCRemoteSwiftPackageReference "Kingfisher" */,
				3A7335EA2C9A3E6300E9D78B /* XCRemoteSwiftPackageReference "Reachability" */,
			);
			productRefGroup = 3A1637412C99B9BE00542EB6 /* Products */;
			projectDirPath = "";
			projectRoot = "";
			targets = (
				3A16373F2C99B9BE00542EB6 /* test_abz */,
			);
		};
/* End PBXProject section */

/* Begin PBXResourcesBuildPhase section */
		3A16373E2C99B9BE00542EB6 /* Resources */ = {
			isa = PBXResourcesBuildPhase;
			buildActionMask = 2147483647;
			files = (
				3A16378B2C99DD4000542EB6 /* FieldTableViewCell.xib in Resources */,
				3A1637842C99D7B600542EB6 /* UsersTableViewCell.xib in Resources */,
				3A16378F2C99EB5C00542EB6 /* PositionTableViewCell.xib in Resources */,
				3A1637972C9A184B00542EB6 /* UploadPhotoTableViewCell.xib in Resources */,
				3A16374D2C99B9C000542EB6 /* Assets.xcassets in Resources */,
				3A7335EE2C9B34ED00E9D78B /* NunitoSans.ttf in Resources */,
				3A16376D2C99BD3500542EB6 /* Users.storyboard in Resources */,
				3A16377E2C99C7CB00542EB6 /* Main.storyboard in Resources */,
				3A1637932C99FE9B00542EB6 /* LabelTableViewCell.xib in Resources */,
				3A16374B2C99B9BE00542EB6 /* Base in Resources */,
				3A16376F2C99BD3E00542EB6 /* SignUp.storyboard in Resources */,
			);
			runOnlyForDeploymentPostprocessing = 0;
		};
/* End PBXResourcesBuildPhase section */

/* Begin PBXSourcesBuildPhase section */
		3A16373C2C99B9BE00542EB6 /* Sources */ = {
			isa = PBXSourcesBuildPhase;
			buildActionMask = 2147483647;
			files = (
				3A1637582C99B9EC00542EB6 /* ApplicationAssembly.swift in Sources */,
				3A1637782C99BFD000542EB6 /* Defaults.swift in Sources */,
				3A16377B2C99C43300542EB6 /* Color+extension.swift in Sources */,
				3A1637A12C9A258800542EB6 /* UserModel.swift in Sources */,
				3A1637832C99D7B600542EB6 /* UsersTableViewCell.swift in Sources */,
				3A1637642C99BAB400542EB6 /* BaseRouter.swift in Sources */,
				3A16375F2C99BA6C00542EB6 /* MainRouter.swift in Sources */,
				3A1637662C99BBD600542EB6 /* UsersRouter.swift in Sources */,
				3A16375C2C99BA2600542EB6 /* NavigationAssebly.swift in Sources */,
				3A1637742C99BDBD00542EB6 /* NavigationController.swift in Sources */,
				3A16375A2C99BA0600542EB6 /* BaseAssembly.swift in Sources */,
				3A16379D2C9A214A00542EB6 /* ViewModel.swift in Sources */,
				3A16376A2C99BC8200542EB6 /* SignupViewController.swift in Sources */,
				3A1637722C99BD7900542EB6 /* MainTabBarViewController.swift in Sources */,
				3A1637762C99BEA000542EB6 /* SignupRouter.swift in Sources */,
				3A1637922C99FE9B00542EB6 /* LabelTableViewCell.swift in Sources */,
				3A7335F02C9B361800E9D78B /* UIFont+extension.swift in Sources */,
				3A1637872C99DAE700542EB6 /* AppColors.swift in Sources */,
				3A16378E2C99EB5C00542EB6 /* PositionTableViewCell.swift in Sources */,
				3A1637802C99CF3D00542EB6 /* NoInternetViewController.swift in Sources */,
				3A1637482C99B9BE00542EB6 /* UsersViewController.swift in Sources */,
				3A1637992C9A1E1800542EB6 /* SuccessViewController.swift in Sources */,
				3A1637442C99B9BE00542EB6 /* AppDelegate.swift in Sources */,
				3A1637962C9A184B00542EB6 /* UploadPhotoTableViewCell.swift in Sources */,
				3A16378A2C99DD4000542EB6 /* FieldTableViewCell.swift in Sources */,
				3A16379B2C9A1EA600542EB6 /* FailViewController.swift in Sources */,
				3A16379F2C9A241F00542EB6 /* NetworkManager.swift in Sources */,
				3A1637682C99BC5900542EB6 /* IntroViewController.swift in Sources */,
				3A1637462C99B9BE00542EB6 /* SceneDelegate.swift in Sources */,
				3A1637622C99BA9700542EB6 /* ApplicationRouter.swift in Sources */,
			);
			runOnlyForDeploymentPostprocessing = 0;
		};
/* End PBXSourcesBuildPhase section */

/* Begin PBXVariantGroup section */
		3A1637492C99B9BE00542EB6 /* Main.storyboard */ = {
			isa = PBXVariantGroup;
			children = (
				3A16374A2C99B9BE00542EB6 /* Base */,
			);
			name = Main.storyboard;
			sourceTree = "<group>";
		};
/* End PBXVariantGroup section */

/* Begin XCBuildConfiguration section */
		3A1637522C99B9C000542EB6 /* Debug */ = {
			isa = XCBuildConfiguration;
			buildSettings = {
				ALWAYS_SEARCH_USER_PATHS = NO;
				ASSETCATALOG_COMPILER_GENERATE_SWIFT_ASSET_SYMBOL_EXTENSIONS = YES;
				CLANG_ANALYZER_NONNULL = YES;
				CLANG_ANALYZER_NUMBER_OBJECT_CONVERSION = YES_AGGRESSIVE;
				CLANG_CXX_LANGUAGE_STANDARD = "gnu++20";
				CLANG_ENABLE_MODULES = YES;
				CLANG_ENABLE_OBJC_ARC = YES;
				CLANG_ENABLE_OBJC_WEAK = YES;
				CLANG_WARN_BLOCK_CAPTURE_AUTORELEASING = YES;
				CLANG_WARN_BOOL_CONVERSION = YES;
				CLANG_WARN_COMMA = YES;
				CLANG_WARN_CONSTANT_CONVERSION = YES;
				CLANG_WARN_DEPRECATED_OBJC_IMPLEMENTATIONS = YES;
				CLANG_WARN_DIRECT_OBJC_ISA_USAGE = YES_ERROR;
				CLANG_WARN_DOCUMENTATION_COMMENTS = YES;
				CLANG_WARN_EMPTY_BODY = YES;
				CLANG_WARN_ENUM_CONVERSION = YES;
				CLANG_WARN_INFINITE_RECURSION = YES;
				CLANG_WARN_INT_CONVERSION = YES;
				CLANG_WARN_NON_LITERAL_NULL_CONVERSION = YES;
				CLANG_WARN_OBJC_IMPLICIT_RETAIN_SELF = YES;
				CLANG_WARN_OBJC_LITERAL_CONVERSION = YES;
				CLANG_WARN_OBJC_ROOT_CLASS = YES_ERROR;
				CLANG_WARN_QUOTED_INCLUDE_IN_FRAMEWORK_HEADER = YES;
				CLANG_WARN_RANGE_LOOP_ANALYSIS = YES;
				CLANG_WARN_STRICT_PROTOTYPES = YES;
				CLANG_WARN_SUSPICIOUS_MOVE = YES;
				CLANG_WARN_UNGUARDED_AVAILABILITY = YES_AGGRESSIVE;
				CLANG_WARN_UNREACHABLE_CODE = YES;
				CLANG_WARN__DUPLICATE_METHOD_MATCH = YES;
				COPY_PHASE_STRIP = NO;
				DEBUG_INFORMATION_FORMAT = dwarf;
				ENABLE_STRICT_OBJC_MSGSEND = YES;
				ENABLE_TESTABILITY = YES;
				ENABLE_USER_SCRIPT_SANDBOXING = YES;
				GCC_C_LANGUAGE_STANDARD = gnu17;
				GCC_DYNAMIC_NO_PIC = NO;
				GCC_NO_COMMON_BLOCKS = YES;
				GCC_OPTIMIZATION_LEVEL = 0;
				GCC_PREPROCESSOR_DEFINITIONS = (
					"DEBUG=1",
					"$(inherited)",
				);
				GCC_WARN_64_TO_32_BIT_CONVERSION = YES;
				GCC_WARN_ABOUT_RETURN_TYPE = YES_ERROR;
				GCC_WARN_UNDECLARED_SELECTOR = YES;
				GCC_WARN_UNINITIALIZED_AUTOS = YES_AGGRESSIVE;
				GCC_WARN_UNUSED_FUNCTION = YES;
				GCC_WARN_UNUSED_VARIABLE = YES;
				IPHONEOS_DEPLOYMENT_TARGET = 16.0;
				LOCALIZATION_PREFERS_STRING_CATALOGS = YES;
				MTL_ENABLE_DEBUG_INFO = INCLUDE_SOURCE;
				MTL_FAST_MATH = YES;
				ONLY_ACTIVE_ARCH = YES;
				SDKROOT = iphoneos;
				SWIFT_ACTIVE_COMPILATION_CONDITIONS = "DEBUG $(inherited)";
				SWIFT_OPTIMIZATION_LEVEL = "-Onone";
			};
			name = Debug;
		};
		3A1637532C99B9C000542EB6 /* Release */ = {
			isa = XCBuildConfiguration;
			buildSettings = {
				ALWAYS_SEARCH_USER_PATHS = NO;
				ASSETCATALOG_COMPILER_GENERATE_SWIFT_ASSET_SYMBOL_EXTENSIONS = YES;
				CLANG_ANALYZER_NONNULL = YES;
				CLANG_ANALYZER_NUMBER_OBJECT_CONVERSION = YES_AGGRESSIVE;
				CLANG_CXX_LANGUAGE_STANDARD = "gnu++20";
				CLANG_ENABLE_MODULES = YES;
				CLANG_ENABLE_OBJC_ARC = YES;
				CLANG_ENABLE_OBJC_WEAK = YES;
				CLANG_WARN_BLOCK_CAPTURE_AUTORELEASING = YES;
				CLANG_WARN_BOOL_CONVERSION = YES;
				CLANG_WARN_COMMA = YES;
				CLANG_WARN_CONSTANT_CONVERSION = YES;
				CLANG_WARN_DEPRECATED_OBJC_IMPLEMENTATIONS = YES;
				CLANG_WARN_DIRECT_OBJC_ISA_USAGE = YES_ERROR;
				CLANG_WARN_DOCUMENTATION_COMMENTS = YES;
				CLANG_WARN_EMPTY_BODY = YES;
				CLANG_WARN_ENUM_CONVERSION = YES;
				CLANG_WARN_INFINITE_RECURSION = YES;
				CLANG_WARN_INT_CONVERSION = YES;
				CLANG_WARN_NON_LITERAL_NULL_CONVERSION = YES;
				CLANG_WARN_OBJC_IMPLICIT_RETAIN_SELF = YES;
				CLANG_WARN_OBJC_LITERAL_CONVERSION = YES;
				CLANG_WARN_OBJC_ROOT_CLASS = YES_ERROR;
				CLANG_WARN_QUOTED_INCLUDE_IN_FRAMEWORK_HEADER = YES;
				CLANG_WARN_RANGE_LOOP_ANALYSIS = YES;
				CLANG_WARN_STRICT_PROTOTYPES = YES;
				CLANG_WARN_SUSPICIOUS_MOVE = YES;
				CLANG_WARN_UNGUARDED_AVAILABILITY = YES_AGGRESSIVE;
				CLANG_WARN_UNREACHABLE_CODE = YES;
				CLANG_WARN__DUPLICATE_METHOD_MATCH = YES;
				COPY_PHASE_STRIP = NO;
				DEBUG_INFORMATION_FORMAT = "dwarf-with-dsym";
				ENABLE_NS_ASSERTIONS = NO;
				ENABLE_STRICT_OBJC_MSGSEND = YES;
				ENABLE_USER_SCRIPT_SANDBOXING = YES;
				GCC_C_LANGUAGE_STANDARD = gnu17;
				GCC_NO_COMMON_BLOCKS = YES;
				GCC_WARN_64_TO_32_BIT_CONVERSION = YES;
				GCC_WARN_ABOUT_RETURN_TYPE = YES_ERROR;
				GCC_WARN_UNDECLARED_SELECTOR = YES;
				GCC_WARN_UNINITIALIZED_AUTOS = YES_AGGRESSIVE;
				GCC_WARN_UNUSED_FUNCTION = YES;
				GCC_WARN_UNUSED_VARIABLE = YES;
				IPHONEOS_DEPLOYMENT_TARGET = 16.0;
				LOCALIZATION_PREFERS_STRING_CATALOGS = YES;
				MTL_ENABLE_DEBUG_INFO = NO;
				MTL_FAST_MATH = YES;
				SDKROOT = iphoneos;
				SWIFT_COMPILATION_MODE = wholemodule;
				VALIDATE_PRODUCT = YES;
			};
			name = Release;
		};
		3A1637552C99B9C000542EB6 /* Debug */ = {
			isa = XCBuildConfiguration;
			buildSettings = {
				ASSETCATALOG_COMPILER_APPICON_NAME = AppIcon;
				ASSETCATALOG_COMPILER_GLOBAL_ACCENT_COLOR_NAME = AccentColor;
				CODE_SIGN_STYLE = Automatic;
				CURRENT_PROJECT_VERSION = 1;
				DEVELOPMENT_TEAM = N2LF8DTSP7;
				GENERATE_INFOPLIST_FILE = YES;
				INFOPLIST_FILE = test_abz/Info.plist;
				INFOPLIST_KEY_NSCameraUsageDescription = "We need access to your camera to allow you to take and upload photos.";
				INFOPLIST_KEY_NSPhotoLibraryUsageDescription = "We need access to your photo library to allow you to select and upload existing photos.";
				INFOPLIST_KEY_UIApplicationSupportsIndirectInputEvents = YES;
				INFOPLIST_KEY_UILaunchStoryboardName = LaunchScreen;
				INFOPLIST_KEY_UIMainStoryboardFile = Main;
				INFOPLIST_KEY_UISupportedInterfaceOrientations_iPad = "UIInterfaceOrientationPortrait UIInterfaceOrientationPortraitUpsideDown UIInterfaceOrientationLandscapeLeft UIInterfaceOrientationLandscapeRight";
				INFOPLIST_KEY_UISupportedInterfaceOrientations_iPhone = "UIInterfaceOrientationPortrait UIInterfaceOrientationLandscapeLeft UIInterfaceOrientationLandscapeRight";
				LD_RUNPATH_SEARCH_PATHS = (
					"$(inherited)",
					"@executable_path/Frameworks",
				);
				MARKETING_VERSION = 1.0;
				PRODUCT_BUNDLE_IDENTIFIER = "test-abz.test-abz";
				PRODUCT_NAME = "$(TARGET_NAME)";
				SWIFT_EMIT_LOC_STRINGS = YES;
				SWIFT_VERSION = 5.0;
				TARGETED_DEVICE_FAMILY = "1,2";
			};
			name = Debug;
		};
		3A1637562C99B9C000542EB6 /* Release */ = {
			isa = XCBuildConfiguration;
			buildSettings = {
				ASSETCATALOG_COMPILER_APPICON_NAME = AppIcon;
				ASSETCATALOG_COMPILER_GLOBAL_ACCENT_COLOR_NAME = AccentColor;
				CODE_SIGN_STYLE = Automatic;
				CURRENT_PROJECT_VERSION = 1;
				DEVELOPMENT_TEAM = N2LF8DTSP7;
				GENERATE_INFOPLIST_FILE = YES;
				INFOPLIST_FILE = test_abz/Info.plist;
				INFOPLIST_KEY_NSCameraUsageDescription = "We need access to your camera to allow you to take and upload photos.";
				INFOPLIST_KEY_NSPhotoLibraryUsageDescription = "We need access to your photo library to allow you to select and upload existing photos.";
				INFOPLIST_KEY_UIApplicationSupportsIndirectInputEvents = YES;
				INFOPLIST_KEY_UILaunchStoryboardName = LaunchScreen;
				INFOPLIST_KEY_UIMainStoryboardFile = Main;
				INFOPLIST_KEY_UISupportedInterfaceOrientations_iPad = "UIInterfaceOrientationPortrait UIInterfaceOrientationPortraitUpsideDown UIInterfaceOrientationLandscapeLeft UIInterfaceOrientationLandscapeRight";
				INFOPLIST_KEY_UISupportedInterfaceOrientations_iPhone = "UIInterfaceOrientationPortrait UIInterfaceOrientationLandscapeLeft UIInterfaceOrientationLandscapeRight";
				LD_RUNPATH_SEARCH_PATHS = (
					"$(inherited)",
					"@executable_path/Frameworks",
				);
				MARKETING_VERSION = 1.0;
				PRODUCT_BUNDLE_IDENTIFIER = "test-abz.test-abz";
				PRODUCT_NAME = "$(TARGET_NAME)";
				SWIFT_EMIT_LOC_STRINGS = YES;
				SWIFT_VERSION = 5.0;
				TARGETED_DEVICE_FAMILY = "1,2";
			};
			name = Release;
		};
/* End XCBuildConfiguration section */

/* Begin XCConfigurationList section */
		3A16373B2C99B9BE00542EB6 /* Build configuration list for PBXProject "test_abz" */ = {
			isa = XCConfigurationList;
			buildConfigurations = (
				3A1637522C99B9C000542EB6 /* Debug */,
				3A1637532C99B9C000542EB6 /* Release */,
			);
			defaultConfigurationIsVisible = 0;
			defaultConfigurationName = Release;
		};
		3A1637542C99B9C000542EB6 /* Build configuration list for PBXNativeTarget "test_abz" */ = {
			isa = XCConfigurationList;
			buildConfigurations = (
				3A1637552C99B9C000542EB6 /* Debug */,
				3A1637562C99B9C000542EB6 /* Release */,
			);
			defaultConfigurationIsVisible = 0;
			defaultConfigurationName = Release;
		};
/* End XCConfigurationList section */

/* Begin XCRemoteSwiftPackageReference section */
		3A1637A32C9A2C3100542EB6 /* XCRemoteSwiftPackageReference "Kingfisher" */ = {
			isa = XCRemoteSwiftPackageReference;
			repositoryURL = "https://github.com/onevcat/Kingfisher";
			requirement = {
				kind = upToNextMajorVersion;
				minimumVersion = 8.0.0;
			};
		};
		3A7335EA2C9A3E6300E9D78B /* XCRemoteSwiftPackageReference "Reachability" */ = {
			isa = XCRemoteSwiftPackageReference;
			repositoryURL = "https://github.com/ashleymills/Reachability.swift?tab=readme-ov-file";
			requirement = {
				branch = master;
				kind = branch;
			};
		};
/* End XCRemoteSwiftPackageReference section */

/* Begin XCSwiftPackageProductDependency section */
		3A1637A42C9A2C3200542EB6 /* Kingfisher */ = {
			isa = XCSwiftPackageProductDependency;
			package = 3A1637A32C9A2C3100542EB6 /* XCRemoteSwiftPackageReference "Kingfisher" */;
			productName = Kingfisher;
		};
		3A7335EB2C9A3E6400E9D78B /* Reachability */ = {
			isa = XCSwiftPackageProductDependency;
			package = 3A7335EA2C9A3E6300E9D78B /* XCRemoteSwiftPackageReference "Reachability" */;
			productName = Reachability;
		};
/* End XCSwiftPackageProductDependency section */
	};
	rootObject = 3A1637382C99B9BE00542EB6 /* Project object */;
}
